
Microsoft Visual Studio Solution File, Format Version 12.00
# Visual Studio Version 17
VisualStudioVersion = 17.3.32901.215
MinimumVisualStudioVersion = 10.0.40219.1
Project("{FAE04EC0-301F-11D3-BF4B-00C04F79EFBC}") = "time-ornek-1", "time-ornek-1\time-ornek-1.csproj", "{384E1932-DF6F-473E-9B1C-CF7A9C7F0520}"
EndProject
Global
	GlobalSection(SolutionConfigurationPlatforms) = preSolution
		Debug|Any CPU = Debug|Any CPU
		Release|Any CPU = Release|Any CPU
	EndGlobalSection
	GlobalSection(ProjectConfigurationPlatforms) = postSolution
		{384E1932-DF6F-473E-9B1C-CF7A9C7F0520}.Debug|Any CPU.ActiveCfg = Debug|Any CPU
		{384E1932-DF6F-473E-9B1C-CF7A9C7F0520}.Debug|Any CPU.Build.0 = Debug|Any CPU
		{384E1932-DF6F-473E-9B1C-CF7A9C7F0520}.Release|Any CPU.ActiveCfg = Release|Any CPU
		{384E1932-DF6F-473E-9B1C-CF7A9C7F0520}.Release|Any CPU.Build.0 = Release|Any CPU
	EndGlobalSection
	GlobalSection(SolutionProperties) = preSolution
		HideSolutionNode = FALSE
	EndGlobalSection
	GlobalSection(ExtensibilityGlobals) = postSolution
		SolutionGuid = {319F6683-D3F4-468E-8457-1F965E260BE6}
	EndGlobalSection
EndGlobal
